github.com/aead/siphash v1.0.1/go.mod h1:Nywa3cDsYNNK3gaciGTWPwHt0wlpNV15vwmswBAUSII=
github.com/allegro/bigcache v1.2.0 h1:qDaE0QoF29wKBb3+pXFrJFy1ihe5OT9OiXhg1t85SxM=
github.com/allegro/bigcache v1.2.0/go.mod h1:Cb/ax3seSYIx7SuZdm2G2xzfwmv3TPSk2ucNfQESPXM=
github.com/appleboy/gin-jwt v0.0.0-20190216100112-ca1084e5d5a2 h1:XMxPrgAzPq/JCSxvPmEDOoWk+45+Lg45kSrtrDrMMOk=
github.com/appleboy/gin-jwt v0.0.0-20190216100112-ca1084e5d5a2/go.mod h1:b72qDDanaFtqPAwEcE7S+EFcUWt6quEiQ4DLiVN1XyA=
github.com/appleboy/gin-jwt v2.5.0+incompatible h1:oLQTP1fiGDoDKoC2UDqXD9iqCP44ABIZMMenfH/xCqw=
github.com/appleboy/gin-jwt v2.5.0+incompatible/go.mod h1:pG7tv32IEe5wEh1NSQzcyD02ZZAqZWp07RdGiIhgaRQ=
github.com/appleboy/gofight v2.0.0+incompatible/go.mod h1:H/tvof1oZHnZdlBd+AeODZGkk1C+D2na0NXr0iXuZHA=
github.com/aristanetworks/goarista v0.0.0-20190219163901-728bce664cf5 h1:L0TwgZQo7Mga9im6FvKEZGIvyLE/VG/HI5loz5LpvC0=
github.com/aristanetworks/goarista v0.0.0-20190219163901-728bce664cf5/go.mod h1:D/tb0zPVXnP7fmsLZjtdUhSsumbK/ij54UXjjVgMGxQ=
github.com/armon/consul-api v0.0.0-20180202201655-eb2c6b5be1b6/go.mod h1:grANhF5doyWs3UAsr3K4I6qtAmlQcZDesFNEHPZAzj8=
github.com/arnaucube/go-snark v0.0.0-20190101215735-a7454213a0f2 h1:XNmtrVpaMcW5Sy56CpFeYVYRupNKwdDO3oWa9mCBDdI=
github.com/arnaucube/go-snark v0.0.0-20190101215735-a7454213a0f2/go.mod h1:m1VkAgz3F+Jdighf2n5eMLe670AR6fBhBGfVHwz2QRk=
github.com/btcsuite/btcd v0.0.0-20190213025234-306aecffea32 h1:qkOC5Gd33k54tobS36cXdAzJbeHaduLtnLQQwNoIi78=
github.com/btcsuite/btcd v0.0.0-20190213025234-306aecffea32/go.mod h1:DrZx5ec/dmnfpw9KyYoQyYo7d0KEvTkk/5M/vbZjAr8=
github.com/btcsuite/btclog v0.0.0-20170628155309-84c8d2346e9f/go.mod h1:TdznJufoqS23FtqVCzL0ZqgP5MqXbb4fg/WgDys70nA=
github.com/btcsuite/btcutil v0.0.0-20190207003914-4c204d697803 h1:j3AgPKKZtZStM2nyhrDSLSYgT7YHrZKdSkq1OYeLjvM=
github.com/btcsuite/btcutil v0.0.0-20190207003914-4c204d697803/go.mod h1:+5NJ2+qvTyV9exUAL/rxXi3DcLg2Ts+ymUAY5y4NvMg=
github.com/btcsuite/go-socks v0.0.0-20170105172521-4720035b7bfd/go.mod h1:HHNXQzUsZCxOoE+CPiyCTO6x34Zs86zZUiwtpXoGdtg=
github.com/btcsuite/goleveldb v0.0.0-20160330041536-7834afc9e8cd/go.mod h1:F+uVaaLLH7j4eDXPRvw78tMflu7Ie2bzYOH4Y8rRKBY=
github.com/btcsuite/snappy-go v0.0.0-20151229074030-0bdef8d06723/go.mod h1:8woku9dyThutzjeg+3xrA5iCpBRH8XEEg3lh6TiUghc=
github.com/btcsuite/websocket v0.0.0-20150119174127-31079b680792/go.mod h1:ghJtEyQwv5/p4Mg4C0fgbePVuGr935/5ddU9Z3TmDRY=
github.com/btcsuite/winsvc v1.0.0/go.mod h1:jsenWakMcC0zFBFurPLEAyrnc/teJEM1O46fmI40EZs=
github.com/buger/jsonparser v0.0.0-20181115193947-bf1c66bbce23/go.mod h1:bbYlZJ7hK1yFx9hf58LP0zeX7UjIGs20ufpu3evjr+s=
github.com/coreos/etcd v3.3.10+incompatible/go.mod h1:uF7uidLiAD3TWHmW31ZFd/JWoc32PjwdhPthX9715RE=
github.com/coreos/go-etcd v2.0.0+incompatible/go.mod h1:Jez6KQU2B/sWsbdaef3ED8NzMklzPG4d5KIOhIy30Tk=
github.com/coreos/go-semver v0.2.0/go.mod h1:nnelYz7RCh+5ahJtPPxZlU+153eP4D4r3EedlOD2RNk=
github.com/davecgh/go-spew v0.0.0-20171005155431-ecdeabc65495/go.mod h1:J7Y8YcW2NihsgmVo/mv3lAwl/skON4iLHjSsI+c5H38=
github.com/davecgh/go-spew v1.1.0/go.mod h1:J7Y8YcW2NihsgmVo/mv3lAwl/skON4iLHjSsI+c5H38=
github.com/davecgh/go-spew v1.1.1 h1:vj9j/u1bqnvCEfJOwUhtlOARqs3+rkHYY13jYWTU97c=
github.com/davecgh/go-spew v1.1.1/go.mod h1:J7Y8YcW2NihsgmVo/mv3lAwl/skON4iLHjSsI+c5H38=
github.com/dchest/blake512 v1.0.0 h1:oDFEQFIqFSeuA34xLtXZ/rWxCXdSjirjzPhey5EUvmA=
github.com/dchest/blake512 v1.0.0/go.mod h1:FV1x7xPPLWukZlpDpWQ88rF/SFwZ5qbskrzhLMB92JI=
github.com/deckarep/golang-set v1.7.1 h1:SCQV0S6gTtp6itiFrTqI+pfmJ4LN85S1YzhDf9rTHJQ=
github.com/deckarep/golang-set v1.7.1/go.mod h1:93vsz/8Wt4joVM7c2AVqh+YRMiUSc14yDtF28KmMOgQ=
github.com/dgrijalva/jwt-go v3.2.0+incompatible h1:7qlOGliEKZXTDg6OTjfoBKDXWrumCAMpl/TFQ4/5kLM=
github.com/dgrijalva/jwt-go v3.2.0+incompatible/go.mod h1:E3ru+11k8xSBh+hMPgOLZmtrrCbhqsmaPHjLKYnJCaQ=
github.com/ethereum/go-ethereum v1.8.22-0.20190513125017-07d2d83c315a h1:jMOrKXNIzvnPElmKt73H5sjG93B/4aYHUImLQZAxbM8=
github.com/ethereum/go-ethereum v1.8.22-0.20190513125017-07d2d83c315a/go.mod h1:PwpWDrCLZrV+tfrhqqF6kPknbISMHaJv9Ln3kPCZLwY=
github.com/ethereum/go-ethereum v1.8.23 h1:xVKYpRpe3cbkaWN8gsRgStsyTvz3s82PcQsbEofjhEQ=
github.com/ethereum/go-ethereum v1.8.23/go.mod h1:PwpWDrCLZrV+tfrhqqF6kPknbISMHaJv9Ln3kPCZLwY=
github.com/ethereum/go-ethereum v1.8.27 h1:d+gkiLaBDk5fn3Pe/xNVaMrB/ozI+AUB2IlVBp29IrY=
github.com/fatih/color v1.7.0 h1:DkWD4oS2D8LGGgTQ6IvwJJXSL5Vp2ffcQg58nFV38Ys=
github.com/fatih/color v1.7.0/go.mod h1:Zm6kSWBoL9eyXnKyktHP6abPY2pDugNf5KwzbycvMj4=
github.com/fsnotify/fsnotify v1.4.7 h1:IXs+QLmnXW2CcXuY+8Mzv/fWEsPGWxqefPtCP5CnV9I=
github.com/fsnotify/fsnotify v1.4.7/go.mod h1:jwhsz4b93w/PPRr/qN1Yymfu8t87LnFCMoQvtojpjFo=
github.com/gin-contrib/cors v0.0.0-20190226021855-50921afdc5c1 h1:NiKGR8BTWILyH+1PbyfdkAeNelr+1StRUZeyu6iPuIE=
github.com/gin-contrib/cors v0.0.0-20190226021855-50921afdc5c1/go.mod h1:pL2kNE+DgDU+eQ+dary5bX0Z6LPP8nR6Mqs1iejILw4=
github.com/gin-contrib/sse v0.0.0-20170109093832-22d885f9ecc7 h1:AzN37oI0cOS+cougNAV9szl6CVoj2RYwzS3DpUQNtlY=
github.com/gin-contrib/sse v0.0.0-20170109093832-22d885f9ecc7/go.mod h1:VJ0WA2NBN22VlZ2dKZQPAPnyWw5XTlK1KymzLKsr59s=
github.com/gin-gonic/gin v1.3.0 h1:kCmZyPklC0gVdL728E6Aj20uYBJV93nj/TkwBTKhFbs=
github.com/gin-gonic/gin v1.3.0/go.mod h1:7cKuhb5qV2ggCFctp2fJQ+ErvciLZrIeoOSOm6mUr7Y=
github.com/go-stack/stack v1.8.0 h1:5SgMzNM5HxrEjV0ww2lTmX6E2Izsfxas4+YHWRs3Lsk=
github.com/go-stack/stack v1.8.0/go.mod h1:v0f6uXyyMGvRgIKkXu+yp6POWl0qKG85gN/melR3HDY=
github.com/gofrs/flock v0.7.1 h1:DP+LD/t0njgoPBvT5MJLeliUIVQR03hiKR6vezdwHlc=
github.com/gofrs/flock v0.7.1/go.mod h1:F1TvTiK9OcQqauNUHlbJvyl9Qa1QvF/gOUDKA14jxHU=
github.com/gogo/protobuf v1.2.1 h1:/s5zKNz0uPFCZ5hddgPdo2TK2TVrUNMn0OOX8/aZMTE=
github.com/gogo/protobuf v1.2.1/go.mod h1:hp+jE20tsWTFYpLwKvXlhS1hjn+gTNwPg2I6zVXpSg4=
github.com/golang/protobuf v0.0.0-20170307001533-c9c7427a2a70/go.mod h1:6lQm79b+lXiMfvg/cZm0SGofjICqVBUtrP5yJMmIC1U=
github.com/golang/protobuf v1.2.0 h1:P3YflyNX/ehuJFLhxviNdFxQPkGK5cDcApsge1SqnvM=
github.com/golang/protobuf v1.2.0/go.mod h1:6lQm79b+lXiMfvg/cZm0SGofjICqVBUtrP5yJMmIC1U=
github.com/golang/snappy v0.0.0-20180518054509-2e65f85255db h1:woRePGFeVFfLKN/pOkfl+p/TAqKOfFu+7KPlMVpok/w=
github.com/golang/snappy v0.0.0-20180518054509-2e65f85255db/go.mod h1:/XxbfmMg8lxefKM7IXC3fBNl/7bRcc72aCRzEWrmP2Q=
github.com/google/gofuzz v0.0.0-20170612174753-24818f796faf/go.mod h1:HP5RmnzzSNb993RKQDq4+1A4ia9nllfqcQFTQJedwGI=
github.com/google/uuid v1.0.0 h1:b4Gk+7WdP/d3HZH8EJsZpvV7EtDOgaZLtnaNGIu1adA=
github.com/google/uuid v1.0.0/go.mod h1:TIyPZe4MgqvfeYDBFedMoGGpEw/LqOeaOT+nhxU+yHo=
github.com/gxed/hashland/keccakpg v0.0.1 h1:wrk3uMNaMxbXiHibbPO4S0ymqJMm41WiudyFSs7UnsU=
github.com/gxed/hashland/keccakpg v0.0.1/go.mod h1:kRzw3HkwxFU1mpmPP8v1WyQzwdGfmKFJ6tItnhQ67kU=
github.com/gxed/hashland/murmur3 v0.0.1 h1:SheiaIt0sda5K+8FLz952/1iWS9zrnKsEJaOJu4ZbSc=
github.com/gxed/hashland/murmur3 v0.0.1/go.mod h1:KjXop02n4/ckmZSnY2+HKcLud/tcmvhST0bie/0lS48=
github.com/hashicorp/hcl v1.0.0 h1:0Anlzjpi4vEasTeNFn2mLJgTSwt0+6sfsiTG8qcWGx4=
github.com/hashicorp/hcl v1.0.0/go.mod h1:E5yfLk+7swimpb2L/Alb/PJmXilQ/rhwaUYs4T20WEQ=
github.com/hpcloud/tail v1.0.0/go.mod h1:ab1qPbhIpdTxEkNHXyeSf5vhxWSCs/tWer42PpOxQnU=
github.com/ipfs/go-ipfs-api v0.0.0-20190227013953-fc4b441cfe34 h1:iBNNFRMAM7TdtXj7jX9DfhdzjdZEBVG/xJb4AkEkZko=
github.com/ipfs/go-ipfs-api v0.0.0-20190227013953-fc4b441cfe34/go.mod h1:YWGjU+7Bdls1CpvsKsV6EsQ/KMyQqSpBru2hme/5WQg=
github.com/ipfs/go-ipfs-api v1.3.5 h1:NvOdNXkN1S9XiaRlpPV8SUOBKcRVlpUhoHgbDteMs60=
github.com/ipfs/go-ipfs-api v1.3.5/go.mod h1:YWGjU+7Bdls1CpvsKsV6EsQ/KMyQqSpBru2hme/5WQg=
github.com/ipfs/go-ipfs-cmdkit v1.1.3 h1:4sbEnLjYmh8gJOCUiqtKp0EIboSYTFrxftc7S+U3gK4=
github.com/ipfs/go-ipfs-cmdkit v1.1.3/go.mod h1:9FtbMdUabcSqv/G4/8WCxSLxkZxn/aZEFrxxqnVcRbg=
github.com/ipfs/go-ipfs-files v0.0.0-20190211184658-b9ab59872849 h1:zDVjiCC1yxVL0rtwzLY45QfbNY5j9uS5G7m+4VLDfco=
github.com/ipfs/go-ipfs-files v0.0.0-20190211184658-b9ab59872849/go.mod h1:6m71fxPZM2eOasRmgz6ryrSpTkriYsggu2Cnv2cu+jA=
github.com/ipfsconsortium/go-ipfsc v0.0.0-20190116161836-3629ecc1f76f h1:cV3p0tC1kxjsIHqGtlED44+JsED3AxJSPZ3eMxflOqY=
github.com/ipfsconsortium/go-ipfsc v0.0.0-20190116161836-3629ecc1f76f/go.mod h1:4MbfcV8YX3CWjkWgUIH4vEVk002kMJlOEmhoSJP8SeE=
github.com/jamesruan/sodium v0.0.0-20181216154042-9620b83ffeae h1:FFafUVNizQIaIHAqmDKXQlZ+8/LplHZbL11emgcto+M=
github.com/jamesruan/sodium v0.0.0-20181216154042-9620b83ffeae/go.mod h1:GZ0frHfchUw9cjP3CK1J7+M74KNo7zrhffQxTeuf5I8=
github.com/jessevdk/go-flags v0.0.0-20141203071132-1679536dcc89/go.mod h1:4FA24M0QyGHXBuZZK/XkWh8h0e1EYbRYJSGM75WSRxI=
github.com/jrick/logrotate v1.0.0/go.mod h1:LNinyqDIJnpAur+b8yyulnQw/wDuN1+BYKlTRt3OuAQ=
github.com/json-iterator/go v0.0.0-20170804232253-1cfa233923ea/go.mod h1:+SdeFBvtyEkXs7REEP0seUULqWtbJapLOCVDaaPEHmU=
github.com/json-iterator/go v1.1.5/go.mod h1:+SdeFBvtyEkXs7REEP0seUULqWtbJapLOCVDaaPEHmU=
github.com/jstemmer/gotags v1.4.1 h1:aWIyXsU3lTDqhsEC49MP85p2cUUWr2ptvdGNqqGA3r4=
github.com/jstemmer/gotags v1.4.1/go.mod h1:b6J3X0bsLbR4C5SgSx3V3KjuWTtmRzcmWPbTkWZ49PA=
github.com/kisielk/errcheck v1.1.0/go.mod h1:EZBBE59ingxPouuu3KfxchcWSUPOHkagtvWXihfKN4Q=
github.com/kisielk/gotool v1.0.0/go.mod h1:XhKaO+MFFWcvkIS/tQcRk01m1F5IRFswLeQ+oQHNcck=
github.com/kkdai/bstream v0.0.0-20161212061736-f391b8402d23/go.mod h1:J+Gs4SYgM6CZQHDETBtE9HaSEkGmuNXF86RwHhHUvq4=
github.com/konsorten/go-windows-terminal-sequences v1.0.1/go.mod h1:T0+1ngSBFLxvqU3pZ+m/2kptfBszLMUkC4ZK/EgS/cQ=
github.com/kr/pretty v0.1.0 h1:L/CwN0zerZDmRFUapSPitk6f+Q3+0za1rQkzVuMiMFI=
github.com/kr/pretty v0.1.0/go.mod h1:dAy3ld7l9f0ibDNOQOHHMYYIIbhfbHSm3C4ZsoJORNo=
github.com/kr/pty v1.1.1/go.mod h1:pFQYn66WHrOpPYNljwOMqo10TkYh1fy3cYio2l3bCsQ=
github.com/kr/text v0.1.0 h1:45sCR5RtlFHMR4UwH9sdQ5TC8v0qDQCHnXt+kaKSTVE=
github.com/kr/text v0.1.0/go.mod h1:4Jbv+DJW3UT/LiOwJeYQe1efqtUx/iVham/4vfdArNI=
github.com/labstack/echo v3.3.5+incompatible/go.mod h1:0INS7j/VjnFxD4E2wkz67b8cVwCLbBmJyDaka6Cmk1s=
github.com/labstack/gommon v0.2.8/go.mod h1:/tj9csK2iPSBvn+3NLM9e52usepMtrd5ilFYA+wQNJ4=
github.com/libp2p/go-flow-metrics v0.0.0-20180906182756-7e5a55af4853 h1:i/j3E8Pyf/qIMJ7vnQ/NYcb8fvrj/uZ6m13G1gP2e8A=
github.com/libp2p/go-flow-metrics v0.0.0-20180906182756-7e5a55af4853/go.mod h1:Iv1GH0sG8DtYN3SVJ2eG221wMiNpZxBdp967ls1g+k8=
github.com/libp2p/go-libp2p-crypto v0.0.1 h1:JNQd8CmoGTohO/akqrH16ewsqZpci2CbgYH/LmYl8gw=
github.com/libp2p/go-libp2p-crypto v0.0.1/go.mod h1:yJkNyDmO341d5wwXxDUGO0LykUVT72ImHNUqh5D/dBE=
github.com/libp2p/go-libp2p-metrics v0.0.0-20190226174147-1f0f4db04727 h1:d+QubbWRbDzYvAf5B/xxXkQMJY8nojml2oQlVFkLPf4=
github.com/libp2p/go-libp2p-metrics v0.0.0-20190226174147-1f0f4db04727/go.mod h1:ko4lRyuvbgwwxD2TJvt2RHONahjJlkn6l7L/iEbJBf0=
github.com/libp2p/go-libp2p-peer v0.0.1 h1:0qwAOljzYewINrU+Kndoc+1jAL7vzY/oY2Go4DCGfyY=
github.com/libp2p/go-libp2p-peer v0.0.1/go.mod h1:nXQvOBbwVqoP+T5Y5nCjeH4sP9IX/J0AMzcDUVruVoo=
github.com/libp2p/go-libp2p-protocol v0.0.0-20171212212132-b29f3d97e3a2 h1:ftsFA3rhuSWX7hNR1CalvmnCKhmncZG7Nyd79Ll6lh0=
github.com/libp2p/go-libp2p-protocol v0.0.0-20171212212132-b29f3d97e3a2/go.mod h1:Af9n4PiruirSDjHycM1QuiMi/1VZNHYcK8cLgFJLZ4s=
github.com/libp2p/go-libp2p-pubsub v0.0.0-20190227195505-f8276dc198de h1:xmAz4V6P5VHN97goFGX8Tt5/H+tmOhz3VRH1T5Uv1cM=
github.com/libp2p/go-libp2p-pubsub v0.0.0-20190227195505-f8276dc198de/go.mod h1:E2KoEMwM5nWtdGV+wWueN7g/j++VL9tmCfjzk1fLpWc=
github.com/magiconair/properties v1.8.0 h1:LLgXmsheXeRoUOBOjtwPQCWIYqM/LU1ayDtDePerRcY=
github.com/magiconair/properties v1.8.0/go.mod h1:PppfXfuXeibc/6YijjN8zIbojt8czPbwD3XqdrwzmxQ=
github.com/mattn/go-colorable v0.0.9/go.mod h1:9vuHe8Xs5qXnSaW/c/ABM9alt+Vo+STaOChaDxuIBZU=
github.com/mattn/go-colorable v0.1.1 h1:G1f5SKeVxmagw/IyvzvtZE4Gybcc4Tr1tf7I8z0XgOg=
github.com/mattn/go-colorable v0.1.1/go.mod h1:FuOcm+DKB9mbwrcAfNl7/TZVBZ6rcnceauSikq3lYCQ=
github.com/mattn/go-isatty v0.0.0-20170307163044-57fdcb988a5c/go.mod h1:M+lRXTBqGeGNdLjl/ufCoiOlB5xdOkqRJdNxMWT7Zi4=
github.com/mattn/go-isatty v0.0.4 h1:bnP0vzxcAdeI1zdubAl5PjU6zsERjGZb7raWodagDYs=
github.com/mattn/go-isatty v0.0.4/go.mod h1:M+lRXTBqGeGNdLjl/ufCoiOlB5xdOkqRJdNxMWT7Zi4=
github.com/mattn/go-isatty v0.0.5 h1:tHXDdz1cpzGaovsTB+TVB8q90WEokoVmfMqoVcrLUgw=
github.com/mattn/go-isatty v0.0.5/go.mod h1:Iq45c/XA43vh69/j3iqttzPXn0bhXyGjM0Hdxcsrc5s=
github.com/mdempsky/gocode v0.0.0-20190203001940-7fb65232883f h1:ee+twVCignaZjt7jpbMSLxAeTN/Nfq9W/nm91E7QO1A=
github.com/mdempsky/gocode v0.0.0-20190203001940-7fb65232883f/go.mod h1:hltEC42XzfMNgg0S1v6JTywwra2Mu6F6cLR03debVQ8=
github.com/minio/blake2b-simd v0.0.0-20160723061019-3f5f724cb5b1 h1:lYpkrQH5ajf0OXOcUbGjvZxxijuBwbbmlSxLiuofa+g=
github.com/minio/blake2b-simd v0.0.0-20160723061019-3f5f724cb5b1/go.mod h1:pD8RvIylQ358TN4wwqatJ8rNavkEINozVn9DtGI3dfQ=
github.com/minio/sha256-simd v0.0.0-20190131020904-2d45a736cd16 h1:5W7KhL8HVF3XCFOweFD3BNESdnO8ewyYTFT2R+/b8FQ=
github.com/minio/sha256-simd v0.0.0-20190131020904-2d45a736cd16/go.mod h1:2FMWW+8GMoPweT6+pI63m9YE3Lmw4J71hV56Chs1E/U=
github.com/mitchellh/go-homedir v1.1.0 h1:lukF9ziXFxDFPkA1vsr5zpc1XuPDn/wFntq5mG+4E0Y=
github.com/mitchellh/go-homedir v1.1.0/go.mod h1:SfyaCUpYCn1Vlf4IUYiD9fPX4A5wJrkLzIz1N1q0pr0=
github.com/mitchellh/mapstructure v1.1.2 h1:fmNYVwqnSfB9mZU6OS2O6GsXM+wcskZDuKQzvN1EDeE=
github.com/mitchellh/mapstructure v1.1.2/go.mod h1:FVVH3fgwuzCH5S8UJGiWEs2h04kUh9fWfEaFds41c1Y=
github.com/modern-go/concurrent v0.0.0-20180306012644-bacd9c7ef1dd/go.mod h1:6dJC0mAP4ikYIbvyc7fijjWJddQyLn8Ig3JB5CqoB9Q=
github.com/modern-go/reflect2 v1.0.1/go.mod h1:bx2lNnkwVCuqBIxFjflWJWanXIb3RllmbCylyMrvgv0=
github.com/mr-tron/base58 v1.1.0 h1:Y51FGVJ91WBqCEabAi5OPUz38eAx8DakuAm5svLcsfQ=
github.com/mr-tron/base58 v1.1.0/go.mod h1:xcD2VGqlgYjBdcBLw+TuYLr8afG+Hj8g2eTVqeSzSU8=
github.com/multiformats/go-multiaddr v0.0.1 h1:/QUV3VBMDI6pi6xfiw7lr6xhDWWvQKn9udPn68kLSdY=
github.com/multiformats/go-multiaddr v0.0.1/go.mod h1:xKVEak1K9cS1VdmPZW3LSIb6lgmoS58qz/pzqmAxV44=
github.com/multiformats/go-multiaddr-dns v0.0.1 h1:jQt9c6tDSdQLIlBo4tXYx7QUHCPjxsB1zXcag/2S7zc=
github.com/multiformats/go-multiaddr-dns v0.0.1/go.mod h1:9kWcqw/Pj6FwxAwW38n/9403szc57zJPs45fmnznu3Q=
github.com/multiformats/go-multiaddr-net v0.0.1 h1:76O59E3FavvHqNg7jvzWzsPSW5JSi/ek0E4eiDVbg9g=
github.com/multiformats/go-multiaddr-net v0.0.1/go.mod h1:nw6HSxNmCIQH27XPGBuX+d1tnvM7ihcFwHMSstNAVUU=
github.com/multiformats/go-multihash v0.0.1 h1:HHwN1K12I+XllBCrqKnhX949Orn4oawPkegHMu2vDqQ=
github.com/multiformats/go-multihash v0.0.1/go.mod h1:w/5tugSrLEbWqlcgJabL3oHFKTwfvkofsjW2Qa1ct4U=
github.com/onsi/ginkgo v1.6.0/go.mod h1:lLunBs/Ym6LB5Z9jYTR76FiuTmxDTDusOGeTQH+WWjE=
github.com/onsi/ginkgo v1.7.0/go.mod h1:lLunBs/Ym6LB5Z9jYTR76FiuTmxDTDusOGeTQH+WWjE=
github.com/onsi/gomega v1.4.3/go.mod h1:ex+gbHU/CVuBBDIJjb2X0qEXbFg53c61hWP/1CpauHY=
github.com/pborman/uuid v1.2.0 h1:J7Q5mO4ysT1dv8hyrUGHb9+ooztCXu1D8MY8DZYsu3g=
github.com/pborman/uuid v1.2.0/go.mod h1:X/NO0urCmaxf9VXbdlT7C2Yzkj2IKimNn4k+gtPdI/k=
github.com/pelletier/go-toml v1.2.0 h1:T5zMGML61Wp+FlcbWjRDT7yAxhJNAiPPLOFECq181zc=
github.com/pelletier/go-toml v1.2.0/go.mod h1:5z9KED0ma1S8pY6P1sdut58dfprrGBbd/94hg7ilaic=
github.com/pmezard/go-difflib v1.0.0 h1:4DBwDE0NGyQoBHbLQYPwSUPoCMWR5BEzIk/f1lZbAQM=
github.com/pmezard/go-difflib v1.0.0/go.mod h1:iKH77koFhYxTK1pcRnkKkqfTogsbg7gZNVY4sRDYZ/4=
github.com/rjeczalik/notify v0.9.2 h1:MiTWrPj55mNDHEiIX5YUSKefw/+lCQVoAFmD6oQm5w8=
github.com/rjeczalik/notify v0.9.2/go.mod h1:aErll2f0sUX9PXZnVNyeiObbmTlk5jnMoCa4QEjJeqM=
github.com/rs/cors v1.6.0 h1:G9tHG9lebljV9mfp9SNPDL36nCDxmo3zTlAf1YgvzmI=
github.com/rs/cors v1.6.0/go.mod h1:gFx+x8UowdsKA9AchylcLynDq+nNFfI8FkUZdN/jGCU=
github.com/sirupsen/logrus v1.3.0 h1:hI/7Q+DtNZ2kINb6qt/lS+IyXnHQe9e90POfeewL/ME=
github.com/sirupsen/logrus v1.3.0/go.mod h1:LxeOpSwHxABJmUn/MG1IvRgCAasNZTLOkJPxbbu5VWo=
github.com/spf13/afero v1.1.2 h1:m8/z1t7/fwjysjQRYbP0RD+bUIF/8tJwPdEZsI83ACI=
github.com/spf13/afero v1.1.2/go.mod h1:j4pytiNVoe2o6bmDsKpLACNPDBIoEAkihy7loJ1B0CQ=
github.com/spf13/cast v1.3.0 h1:oget//CVOEoFewqQxwr0Ej5yjygnqGkvggSE/gB35Q8=
github.com/spf13/cast v1.3.0/go.mod h1:Qx5cxh0v+4UWYiBimWS+eyWzqEqokIECu5etghLkUJE=
github.com/spf13/jwalterweatherman v1.0.0 h1:XHEdyB+EcvlqZamSM4ZOMGlc93t6AcsBEu9Gc1vn7yk=
github.com/spf13/jwalterweatherman v1.0.0/go.mod h1:cQK4TGJAtQXfYWX+Ddv3mKDzgVb68N+wFjFa4jdeBTo=
github.com/spf13/pflag v1.0.3 h1:zPAT6CGy6wXeQ7NtTnaTerfKOsV6V6F8agHXFiazDkg=
github.com/spf13/pflag v1.0.3/go.mod h1:DYY7MBk1bdzusC3SYhjObp+wFpr4gzcvqqNjLnInEg4=
github.com/spf13/viper v1.3.1 h1:5+8j8FTpnFV4nEImW/ofkzEt8VoOiLXxdYIDsB73T38=
github.com/spf13/viper v1.3.1/go.mod h1:ZiWeW+zYFKm7srdB9IoDzzZXaJaI5eL9QjNiN/DMA2s=
github.com/steakknife/bloomfilter v0.0.0-20180922174646-6819c0d2a570 h1:gIlAHnH1vJb5vwEjIp5kBj/eu99p/bl0Ay2goiPe5xE=
github.com/steakknife/bloomfilter v0.0.0-20180922174646-6819c0d2a570/go.mod h1:8OR4w3TdeIHIh1g6EMY5p0gVNOovcWC+1vpc7naMuAw=
github.com/steakknife/hamming v0.0.0-20180906055917-c99c65617cd3 h1:njlZPzLwU639dk2kqnCPPv+wNjq7Xb6EfUxe/oX0/NM=
github.com/steakknife/hamming v0.0.0-20180906055917-c99c65617cd3/go.mod h1:hpGUWaI9xL8pRQCTXQgocU38Qw1g0Us7n5PxxTwTCYU=
github.com/stretchr/objx v0.1.0/go.mod h1:HFkY916IF+rwdDfMAkV7OtwuqBVzrE8GR6GFx+wExME=
github.com/stretchr/objx v0.1.1 h1:2vfRuCMp5sSVIDSqO8oNnWJq7mPa6KVP3iPIwFBuy8A=
github.com/stretchr/objx v0.1.1/go.mod h1:HFkY916IF+rwdDfMAkV7OtwuqBVzrE8GR6GFx+wExME=
github.com/stretchr/testify v0.0.0-20170130113145-4d4bfba8f1d1/go.mod h1:a8OnRcib4nhh0OaRAV+Yts87kKdq0PP7pXfy6kDkUVs=
github.com/stretchr/testify v1.2.2/go.mod h1:a8OnRcib4nhh0OaRAV+Yts87kKdq0PP7pXfy6kDkUVs=
github.com/stretchr/testify v1.3.0 h1:TivCn/peBQ7UY8ooIcPgZFpTNSz0Q2U6UrFlUfqbe0Q=
github.com/stretchr/testify v1.3.0/go.mod h1:M5WIy9Dh21IEIfnGCwXGc5bZfKNJtfHm1UVUgZn+9EI=
github.com/syndtr/goleveldb v1.0.0 h1:fBdIW9lB4Iz0n9khmH8w27SJ3QEJ7+IgjPEwGSZiFdE=
github.com/syndtr/goleveldb v1.0.0/go.mod h1:ZVVdQEZoIme9iO1Ch2Jdy24qqXrMMOU6lpPAyBWyWuQ=
github.com/tidwall/gjson v0.0.0-20180429151328-3cd3a1192327/go.mod h1:c/nTNbUr0E0OrXEhq1pwa8iEgc2DOt4ZZqAt1HtCkPA=
github.com/tidwall/match v0.0.0-20171002075945-1731857f09b1/go.mod h1:LujAq0jyVjBy028G1WhWfIzbpQfMO8bBZ6Tyb0+pL9E=
github.com/ugorji/go v0.0.0-20170620104852-5efa3251c7f7 h1:VtqNxrWGmleRhhDwCE2E98hD6Qn47lM06TOq4NTF9h0=
github.com/ugorji/go v0.0.0-20170620104852-5efa3251c7f7/go.mod h1:hnLbHMwcvSihnDhEfx2/BzKp2xb0Y+ErdfYcrs9tkJQ=
github.com/ugorji/go v1.1.2-0.20180831062425-e253f1f20942 h1:C/c80f5WTivlgVJaxjYkGosvyNLVlehHXvTwubC5AnY=
github.com/ugorji/go v1.1.2-0.20180831062425-e253f1f20942/go.mod h1:hnLbHMwcvSihnDhEfx2/BzKp2xb0Y+ErdfYcrs9tkJQ=
github.com/ugorji/go v1.1.2 h1:JON3E2/GPW2iDNGoSAusl1KDf5TRQ8k8q7Tp097pZGs=
github.com/ugorji/go/codec v0.0.0-20181204163529-d75b2dcb6bc8/go.mod h1:VFNgLljTbGfSG7qAOspJ7OScBnGdDN/yBr0sguwnwf0=
github.com/ugorji/go/codec v0.0.0-20181209151446-772ced7fd4c2 h1:EICbibRW4JNKMcY+LsWmuwob+CRS1BmdRdjphAm9mH4=
github.com/ugorji/go/codec v0.0.0-20181209151446-772ced7fd4c2/go.mod h1:VFNgLljTbGfSG7qAOspJ7OScBnGdDN/yBr0sguwnwf0=
github.com/urfave/cli v1.20.0 h1:fDqGv3UG/4jbVl/QkFwEdddtEDjh/5Ov6X+0B/3bPaw=
github.com/urfave/cli v1.20.0/go.mod h1:70zkFmudgCuE/ngEzBv17Jvp/497gISqfk5gWijbERA=
github.com/valyala/bytebufferpool v1.0.0/go.mod h1:6bBcMArwyJ5K/AmCkWv1jt77kVWyCJ6HpOuEn7z0Csc=
github.com/valyala/fasttemplate v0.0.0-20170224212429-dcecefd839c4/go.mod h1:50wTf68f99/Zt14pr046Tgt3Lp2vLyFZKzbFXTOabXw=
github.com/whyrusleeping/tar-utils v0.0.0-20180509141711-8c6c8ba81d5c h1:GGsyl0dZ2jJgVT+VvWBf/cNijrHRhkrTjkmp5wg7li0=
github.com/whyrusleeping/tar-utils v0.0.0-20180509141711-8c6c8ba81d5c/go.mod h1:xxcJeBb7SIUl/Wzkz1eVKJE/CB34YNrqX2TQI6jY9zs=
github.com/xordataexchange/crypt v0.0.3-0.20170626215501-b2862e3d0a77/go.mod h1:aYKd//L2LvnjZzWKhF00oedf4jCCReLcmhLdhm1A27Q=
golang.org/x/crypto v0.0.0-20170930174604-9419663f5a44/go.mod h1:6SG95UA2DQfeDnfUPMdvaQW0Q7yPrPDi9nlGo2tz2b4=
golang.org/x/crypto v0.0.0-20180904163835-0709b304e793/go.mod h1:6SG95UA2DQfeDnfUPMdvaQW0Q7yPrPDi9nlGo2tz2b4=
golang.org/x/crypto v0.0.0-20181203042331-505ab145d0a9/go.mod h1:6SG95UA2DQfeDnfUPMdvaQW0Q7yPrPDi9nlGo2tz2b4=
golang.org/x/crypto v0.0.0-20190103213133-ff983b9c42bc/go.mod h1:6SG95UA2DQfeDnfUPMdvaQW0Q7yPrPDi9nlGo2tz2b4=
golang.org/x/crypto v0.0.0-20190211182817-74369b46fc67/go.mod h1:6SG95UA2DQfeDnfUPMdvaQW0Q7yPrPDi9nlGo2tz2b4=
golang.org/x/crypto v0.0.0-20190225124518-7f87c0fbb88b/go.mod h1:6SG95UA2DQfeDnfUPMdvaQW0Q7yPrPDi9nlGo2tz2b4=
golang.org/x/crypto v0.0.0-20190228050851-31a38585487a h1:53VJPSIh1mc/PLK5AlXoj1HHfovtbS77YvYJ0AqjSgE=
golang.org/x/crypto v0.0.0-20190228050851-31a38585487a/go.mod h1:djNgcEr1/C05ACkg1iLfiJU5Ep61QUkGW8qpdssI0+w=
golang.org/x/crypto v0.0.0-20190308221718-c2843e01d9a2/go.mod h1:djNgcEr1/C05ACkg1iLfiJU5Ep61QUkGW8qpdssI0+w=
golang.org/x/crypto v0.0.0-20190513172903-22d7a77e9e5f h1:R423Cnkcp5JABoeemiGEPlt9tHXFfw5kvc0yqlxRPWo=
golang.org/x/crypto v0.0.0-20190513172903-22d7a77e9e5f/go.mod h1:yigFU9vqHzYiE8UmvKecakEJjdnWj3jj499lnFckfCI=
golang.org/x/net v0.0.0-20170308210134-a6577fac2d73/go.mod h1:mL1N/T3taQHkDXs73rZJwtUhF3w3ftmwwsq0BUmARs4=
golang.org/x/net v0.0.0-20180906233101-161cd47e91fd/go.mod h1:mL1N/T3taQHkDXs73rZJwtUhF3w3ftmwwsq0BUmARs4=
golang.org/x/net v0.0.0-20181220203305-927f97764cc3 h1:eH6Eip3UpmR+yM/qI9Ijluzb1bNv/cAU/n+6l8tRSis=
golang.org/x/net v0.0.0-20181220203305-927f97764cc3/go.mod h1:mL1N/T3taQHkDXs73rZJwtUhF3w3ftmwwsq0BUmARs4=
golang.org/x/net v0.0.0-20190404232315-eb5bcb51f2a3 h1:0GoQqolDA55aaLxZyTzK/Y2ePZzZTUrRacwib7cNsYQ=
golang.org/x/net v0.0.0-20190404232315-eb5bcb51f2a3/go.mod h1:t9HGtf8HONx5eT2rtn7q6eTqICYqUVnKs3thJo3Qplg=
golang.org/x/sync v0.0.0-20180314180146-1d60e4601c6f/go.mod h1:RxMgew5VJxzue5/jJTE5uejpjVlOe/izrB70Jof72aM=
golang.org/x/sync v0.0.0-20181221193216-37e7f081c4d4/go.mod h1:RxMgew5VJxzue5/jJTE5uejpjVlOe/izrB70Jof72aM=
golang.org/x/sys v0.0.0-20170308153327-99f16d856c98/go.mod h1:STP8DvDyc/dI5b8T5hshtkjS+E42TnysNCUPdjciGhY=
golang.org/x/sys v0.0.0-20180905080454-ebe1bf3edb33/go.mod h1:STP8DvDyc/dI5b8T5hshtkjS+E42TnysNCUPdjciGhY=
golang.org/x/sys v0.0.0-20180909124046-d0be0721c37e/go.mod h1:STP8DvDyc/dI5b8T5hshtkjS+E42TnysNCUPdjciGhY=
golang.org/x/sys v0.0.0-20180926160741-c2ed4eda69e7/go.mod h1:STP8DvDyc/dI5b8T5hshtkjS+E42TnysNCUPdjciGhY=
golang.org/x/sys v0.0.0-20181205085412-a5c9d58dba9a/go.mod h1:STP8DvDyc/dI5b8T5hshtkjS+E42TnysNCUPdjciGhY=
golang.org/x/sys v0.0.0-20181228144115-9a3f9b0469bb/go.mod h1:STP8DvDyc/dI5b8T5hshtkjS+E42TnysNCUPdjciGhY=
golang.org/x/sys v0.0.0-20190215142949-d0b11bdaac8a h1:1BGLXjeY4akVXGgbC9HugT3Jv3hCI0z56oJR5vAMgBU=
golang.org/x/sys v0.0.0-20190215142949-d0b11bdaac8a/go.mod h1:STP8DvDyc/dI5b8T5hshtkjS+E42TnysNCUPdjciGhY=
golang.org/x/sys v0.0.0-20190219092855-153ac476189d/go.mod h1:STP8DvDyc/dI5b8T5hshtkjS+E42TnysNCUPdjciGhY=
golang.org/x/sys v0.0.0-20190222072716-a9d3bda3a223 h1:DH4skfRX4EBpamg7iV4ZlCpblAHI6s6TDM39bFZumv8=
golang.org/x/sys v0.0.0-20190222072716-a9d3bda3a223/go.mod h1:STP8DvDyc/dI5b8T5hshtkjS+E42TnysNCUPdjciGhY=
golang.org/x/sys v0.0.0-20190412213103-97732733099d h1:+R4KGOnez64A81RvjARKc4UT5/tI9ujCIVX+P5KiHuI=
golang.org/x/sys v0.0.0-20190412213103-97732733099d/go.mod h1:h1NjWce9XRLGQEsW7wpKNCjG9DtNlClVuFLEZdDNbEs=
golang.org/x/text v0.3.0 h1:g61tztE5qeGQ89tm6NTjjM9VPIm088od1l6aSorWRWg=
golang.org/x/text v0.3.0/go.mod h1:NqM8EUOU14njkJ3fqMW+pc6Ldnwhi/IjpwHt7yyuwOQ=
golang.org/x/tools v0.0.0-20180221164845-07fd8470d635 h1:2eB4G6bDQDeP69ZXbOKC00S2Kf6TIiRS+DzfKsKeQU0=
golang.org/x/tools v0.0.0-20180221164845-07fd8470d635/go.mod h1:n7NCudcB/nEzxVGmLbDWY5pfWTLqBcC2KZ6jyYvM4mQ=
gopkg.in/check.v1 v0.0.0-20161208181325-20d25e280405/go.mod h1:Co6ibVJAznAaIkqp8huTwlJQCZ016jof/cbN4VW5Yz0=
gopkg.in/check.v1 v1.0.0-20180628173108-788fd7840127 h1:qIbj1fsPNlZgppZ+VLlY7N33q108Sa+fhmuc+sWQYwY=
gopkg.in/check.v1 v1.0.0-20180628173108-788fd7840127/go.mod h1:Co6ibVJAznAaIkqp8huTwlJQCZ016jof/cbN4VW5Yz0=
gopkg.in/dgrijalva/jwt-go.v3 v3.2.0 h1:N46iQqOtHry7Hxzb9PGrP68oovQmj7EhudNoKHvbOvI=
gopkg.in/dgrijalva/jwt-go.v3 v3.2.0/go.mod h1:hdNXC2Z9yC029rvsQ/on2ZNQ44Z2XToVhpXXbR+J05A=
gopkg.in/fsnotify.v1 v1.4.7/go.mod h1:Tz8NjZHkW78fSQdbUxIjBTcgA1z1m8ZHf0WmKUhAMys=
gopkg.in/gin-gonic/gin.v1 v1.3.0/go.mod h1:Eljh74A/zAvUOQ835v6ySeZ+5gQG6tKjbZTaZ9iWU3A=
gopkg.in/go-playground/assert.v1 v1.2.1/go.mod h1:9RXL0bg/zibRAgZUYszZSwO/z8Y/a8bDuhia5mkpMnE=
gopkg.in/go-playground/validator.v8 v8.18.1/go.mod h1:RX2a/7Ha8BgOhfk7j780h4/u/RRjR0eouCJSH80/M2Y=
gopkg.in/go-playground/validator.v8 v8.18.2 h1:lFB4DoMU6B626w8ny76MV7VX6W2VHct2GVOI3xgiMrQ=
gopkg.in/go-playground/validator.v8 v8.18.2/go.mod h1:RX2a/7Ha8BgOhfk7j780h4/u/RRjR0eouCJSH80/M2Y=
gopkg.in/mgo.v2 v2.0.0-20180705113604-9856a29383ce h1:xcEWjVhvbDy+nHP67nPDDpbYrY+ILlfndk4bRioVHaU=
gopkg.in/mgo.v2 v2.0.0-20180705113604-9856a29383ce/go.mod h1:yeKp02qBN3iKW1OzL3MGk2IdtZzaj7SFntXj72NppTA=
gopkg.in/tomb.v1 v1.0.0-20141024135613-dd632973f1e7/go.mod h1:dt/ZhP58zS4L8KSrWDmTeBkI65Dw0HsyUHuEVlX15mw=
gopkg.in/yaml.v2 v2.0.0-20170208141851-a3f3340b5840/go.mod h1:JAlM8MvJe8wmxCU4Bli9HhUf9+ttbYbLASfIpnQbh74=
gopkg.in/yaml.v2 v2.2.1/go.mod h1:hI93XBmqTisBFMUTm0b8Fm+jr3Dg1NNxqwp+5A1VGuI=
gopkg.in/yaml.v2 v2.2.2 h1:ZCJp+EgiOT7lHqUV2J862kp8Qj64Jo6az82+3Td9dZw=
gopkg.in/yaml.v2 v2.2.2/go.mod h1:hI93XBmqTisBFMUTm0b8Fm+jr3Dg1NNxqwp+5A1VGuI=
